
Microsoft Visual Studio Solution File, Format Version 12.00
# Visual Studio Version 16
VisualStudioVersion = 16.0.30621.155
MinimumVisualStudioVersion = 10.0.40219.1
Project("{FAE04EC0-301F-11D3-BF4B-00C04F79EFBC}") = "R08546036_SHChaoAss07", "R08546036_SHChaoAss07\R08546036_SHChaoAss07.csproj", "{CAC2F1DB-9147-4BAD-ACA9-5D7F27DBF234}"
EndProject
Global
	GlobalSection(SolutionConfigurationPlatforms) = preSolution
		Debug|Any CPU = Debug|Any CPU
		Release|Any CPU = Release|Any CPU
	EndGlobalSection
	GlobalSection(ProjectConfigurationPlatforms) = postSolution
		{CAC2F1DB-9147-4BAD-ACA9-5D7F27DBF234}.Debug|Any CPU.ActiveCfg = Debug|Any CPU
		{CAC2F1DB-9147-4BAD-ACA9-5D7F27DBF234}.Debug|Any CPU.Build.0 = Debug|Any CPU
		{CAC2F1DB-9147-4BAD-ACA9-5D7F27DBF234}.Release|Any CPU.ActiveCfg = Release|Any CPU
		{CAC2F1DB-9147-4BAD-ACA9-5D7F27DBF234}.Release|Any CPU.Build.0 = Release|Any CPU
	EndGlobalSection
	GlobalSection(SolutionProperties) = preSolution
		HideSolutionNode = FALSE
	EndGlobalSection
	GlobalSection(ExtensibilityGlobals) = postSolution
		SolutionGuid = {A002B132-2619-4898-9051-5099F09D78A1}
	EndGlobalSection
EndGlobal
