
Microsoft Visual Studio Solution File, Format Version 12.00
# Visual Studio Version 16
VisualStudioVersion = 16.0.30804.86
MinimumVisualStudioVersion = 10.0.40219.1
Project("{FAE04EC0-301F-11D3-BF4B-00C04F79EFBC}") = "R08546036SHChaoAss12", "R08546036SHChaoAss12\R08546036SHChaoAss12.csproj", "{F29BC1B7-82F3-4EE0-818A-5B28483492CE}"
EndProject
Global
	GlobalSection(SolutionConfigurationPlatforms) = preSolution
		Debug|Any CPU = Debug|Any CPU
		Release|Any CPU = Release|Any CPU
	EndGlobalSection
	GlobalSection(ProjectConfigurationPlatforms) = postSolution
		{F29BC1B7-82F3-4EE0-818A-5B28483492CE}.Debug|Any CPU.ActiveCfg = Debug|Any CPU
		{F29BC1B7-82F3-4EE0-818A-5B28483492CE}.Debug|Any CPU.Build.0 = Debug|Any CPU
		{F29BC1B7-82F3-4EE0-818A-5B28483492CE}.Release|Any CPU.ActiveCfg = Release|Any CPU
		{F29BC1B7-82F3-4EE0-818A-5B28483492CE}.Release|Any CPU.Build.0 = Release|Any CPU
	EndGlobalSection
	GlobalSection(SolutionProperties) = preSolution
		HideSolutionNode = FALSE
	EndGlobalSection
	GlobalSection(ExtensibilityGlobals) = postSolution
		SolutionGuid = {EA0D0307-5BE5-42B1-9FAF-080BDF27742B}
	EndGlobalSection
EndGlobal
