
Microsoft Visual Studio Solution File, Format Version 12.00
# Visual Studio 15
VisualStudioVersion = 15.0.28307.572
MinimumVisualStudioVersion = 10.0.40219.1
Project("{FAE04EC0-301F-11D3-BF4B-00C04F79EFBC}") = "r08546000FCYangAss09", "r08546000FCYangAss09\r08546000FCYangAss09.csproj", "{33BD95D3-27C4-4AE6-A58E-B290E0A8DC02}"
EndProject
Project("{FAE04EC0-301F-11D3-BF4B-00C04F79EFBC}") = "MyGALibrary", "MyGALibrary\MyGALibrary.csproj", "{FD59CE92-DA4D-4FF8-8354-FB317A82663E}"
EndProject
Global
	GlobalSection(SolutionConfigurationPlatforms) = preSolution
		Debug|Any CPU = Debug|Any CPU
		Release|Any CPU = Release|Any CPU
	EndGlobalSection
	GlobalSection(ProjectConfigurationPlatforms) = postSolution
		{33BD95D3-27C4-4AE6-A58E-B290E0A8DC02}.Debug|Any CPU.ActiveCfg = Debug|Any CPU
		{33BD95D3-27C4-4AE6-A58E-B290E0A8DC02}.Debug|Any CPU.Build.0 = Debug|Any CPU
		{33BD95D3-27C4-4AE6-A58E-B290E0A8DC02}.Release|Any CPU.ActiveCfg = Release|Any CPU
		{33BD95D3-27C4-4AE6-A58E-B290E0A8DC02}.Release|Any CPU.Build.0 = Release|Any CPU
		{FD59CE92-DA4D-4FF8-8354-FB317A82663E}.Debug|Any CPU.ActiveCfg = Debug|Any CPU
		{FD59CE92-DA4D-4FF8-8354-FB317A82663E}.Debug|Any CPU.Build.0 = Debug|Any CPU
		{FD59CE92-DA4D-4FF8-8354-FB317A82663E}.Release|Any CPU.ActiveCfg = Release|Any CPU
		{FD59CE92-DA4D-4FF8-8354-FB317A82663E}.Release|Any CPU.Build.0 = Release|Any CPU
	EndGlobalSection
	GlobalSection(SolutionProperties) = preSolution
		HideSolutionNode = FALSE
	EndGlobalSection
	GlobalSection(ExtensibilityGlobals) = postSolution
		SolutionGuid = {86D029CB-5F2C-4205-9D79-270F2C5012E2}
	EndGlobalSection
EndGlobal
