
Microsoft Visual Studio Solution File, Format Version 12.00
# Visual Studio 15
VisualStudioVersion = 15.0.28307.852
MinimumVisualStudioVersion = 10.0.40219.1
Project("{FAE04EC0-301F-11D3-BF4B-00C04F79EFBC}") = "R08546023KWChangAss04", "R08546023KWChangAss04\R08546023KWChangAss04.csproj", "{959DB72A-3B46-4E9B-8D64-DF5B67E644CA}"
EndProject
Global
	GlobalSection(SolutionConfigurationPlatforms) = preSolution
		Debug|Any CPU = Debug|Any CPU
		Release|Any CPU = Release|Any CPU
	EndGlobalSection
	GlobalSection(ProjectConfigurationPlatforms) = postSolution
		{959DB72A-3B46-4E9B-8D64-DF5B67E644CA}.Debug|Any CPU.ActiveCfg = Debug|Any CPU
		{959DB72A-3B46-4E9B-8D64-DF5B67E644CA}.Debug|Any CPU.Build.0 = Debug|Any CPU
		{959DB72A-3B46-4E9B-8D64-DF5B67E644CA}.Release|Any CPU.ActiveCfg = Release|Any CPU
		{959DB72A-3B46-4E9B-8D64-DF5B67E644CA}.Release|Any CPU.Build.0 = Release|Any CPU
	EndGlobalSection
	GlobalSection(SolutionProperties) = preSolution
		HideSolutionNode = FALSE
	EndGlobalSection
	GlobalSection(ExtensibilityGlobals) = postSolution
		SolutionGuid = {FCA22CD2-4ACB-4234-9F20-F4F2A00649D6}
	EndGlobalSection
EndGlobal
