
Microsoft Visual Studio Solution File, Format Version 12.00
# Visual Studio Version 16
VisualStudioVersion = 16.0.30503.244
MinimumVisualStudioVersion = 10.0.40219.1
Project("{FAE04EC0-301F-11D3-BF4B-00C04F79EFBC}") = "R08546036_SHChaoAss01", "R08546036_SHChaoAss01\R08546036_SHChaoAss01.csproj", "{6B3A2900-7D7F-4470-9471-E29F33D07DDF}"
EndProject
Global
	GlobalSection(SolutionConfigurationPlatforms) = preSolution
		Debug|Any CPU = Debug|Any CPU
		Release|Any CPU = Release|Any CPU
	EndGlobalSection
	GlobalSection(ProjectConfigurationPlatforms) = postSolution
		{6B3A2900-7D7F-4470-9471-E29F33D07DDF}.Debug|Any CPU.ActiveCfg = Debug|Any CPU
		{6B3A2900-7D7F-4470-9471-E29F33D07DDF}.Debug|Any CPU.Build.0 = Debug|Any CPU
		{6B3A2900-7D7F-4470-9471-E29F33D07DDF}.Release|Any CPU.ActiveCfg = Release|Any CPU
		{6B3A2900-7D7F-4470-9471-E29F33D07DDF}.Release|Any CPU.Build.0 = Release|Any CPU
	EndGlobalSection
	GlobalSection(SolutionProperties) = preSolution
		HideSolutionNode = FALSE
	EndGlobalSection
	GlobalSection(ExtensibilityGlobals) = postSolution
		SolutionGuid = {76031C50-FE22-4E7E-947A-3B923E47B414}
	EndGlobalSection
EndGlobal
