
Microsoft Visual Studio Solution File, Format Version 12.00
# Visual Studio 15
VisualStudioVersion = 15.0.28307.572
MinimumVisualStudioVersion = 10.0.40219.1
Project("{FAE04EC0-301F-11D3-BF4B-00C04F79EFBC}") = "R08546000FCYangAss01", "R08546000FCYangAss01\R08546000FCYangAss01.csproj", "{ED68E3FD-D3BB-4B11-830C-C377104A9169}"
EndProject
Project("{FAE04EC0-301F-11D3-BF4B-00C04F79EFBC}") = "ConsoleApp1", "ConsoleApp1\ConsoleApp1.csproj", "{5E44F213-4441-4DA9-A90E-0E7ACF2FA3A3}"
EndProject
Global
	GlobalSection(SolutionConfigurationPlatforms) = preSolution
		Debug|Any CPU = Debug|Any CPU
		Release|Any CPU = Release|Any CPU
	EndGlobalSection
	GlobalSection(ProjectConfigurationPlatforms) = postSolution
		{ED68E3FD-D3BB-4B11-830C-C377104A9169}.Debug|Any CPU.ActiveCfg = Debug|Any CPU
		{ED68E3FD-D3BB-4B11-830C-C377104A9169}.Debug|Any CPU.Build.0 = Debug|Any CPU
		{ED68E3FD-D3BB-4B11-830C-C377104A9169}.Release|Any CPU.ActiveCfg = Release|Any CPU
		{ED68E3FD-D3BB-4B11-830C-C377104A9169}.Release|Any CPU.Build.0 = Release|Any CPU
		{5E44F213-4441-4DA9-A90E-0E7ACF2FA3A3}.Debug|Any CPU.ActiveCfg = Debug|Any CPU
		{5E44F213-4441-4DA9-A90E-0E7ACF2FA3A3}.Debug|Any CPU.Build.0 = Debug|Any CPU
		{5E44F213-4441-4DA9-A90E-0E7ACF2FA3A3}.Release|Any CPU.ActiveCfg = Release|Any CPU
		{5E44F213-4441-4DA9-A90E-0E7ACF2FA3A3}.Release|Any CPU.Build.0 = Release|Any CPU
	EndGlobalSection
	GlobalSection(SolutionProperties) = preSolution
		HideSolutionNode = FALSE
	EndGlobalSection
	GlobalSection(ExtensibilityGlobals) = postSolution
		SolutionGuid = {E918B49D-CC72-4C73-AE7A-C33EA77A3B0C}
	EndGlobalSection
EndGlobal
