
Microsoft Visual Studio Solution File, Format Version 12.00
# Visual Studio Version 16
VisualStudioVersion = 16.0.30503.244
MinimumVisualStudioVersion = 10.0.40219.1
Project("{FAE04EC0-301F-11D3-BF4B-00C04F79EFBC}") = "R08546036_SHChaoAss02", "R08546036_SHChaoAss02\R08546036_SHChaoAss02.csproj", "{EE9F2463-73E6-4371-9F5A-BF70DECC2C22}"
EndProject
Global
	GlobalSection(SolutionConfigurationPlatforms) = preSolution
		Debug|Any CPU = Debug|Any CPU
		Release|Any CPU = Release|Any CPU
	EndGlobalSection
	GlobalSection(ProjectConfigurationPlatforms) = postSolution
		{EE9F2463-73E6-4371-9F5A-BF70DECC2C22}.Debug|Any CPU.ActiveCfg = Debug|Any CPU
		{EE9F2463-73E6-4371-9F5A-BF70DECC2C22}.Debug|Any CPU.Build.0 = Debug|Any CPU
		{EE9F2463-73E6-4371-9F5A-BF70DECC2C22}.Release|Any CPU.ActiveCfg = Release|Any CPU
		{EE9F2463-73E6-4371-9F5A-BF70DECC2C22}.Release|Any CPU.Build.0 = Release|Any CPU
	EndGlobalSection
	GlobalSection(SolutionProperties) = preSolution
		HideSolutionNode = FALSE
	EndGlobalSection
	GlobalSection(ExtensibilityGlobals) = postSolution
		SolutionGuid = {D47F1256-2785-4429-85AD-520A79586EB7}
	EndGlobalSection
EndGlobal
